
Microsoft Visual Studio Solution File, Format Version 12.00
# Visual Studio Version 17
VisualStudioVersion = 17.6.33801.468
MinimumVisualStudioVersion = 10.0.40219.1
Project("{8BC9CEB8-8B4A-11D0-8D11-00A0C91BC942}") = "config_gui", "config_gui.vcxproj", "{A6994CAA-3A3D-302F-8FF7-66FC034BEBCA}"
	ProjectSection(ProjectDependencies) = postProject
		{45C2BFC6-8556-4A86-899D-1B6D0EECD0F0} = {45C2BFC6-8556-4A86-899D-1B6D0EECD0F0}
	EndProjectSection
EndProject
Project("{8BC9CEB8-8B4A-11D0-8D11-00A0C91BC942}") = "platform", "..\platform\platform.vcxproj", "{45C2BFC6-8556-4A86-899D-1B6D0EECD0F0}"
EndProject
Project("{54435603-DBB4-11D2-8724-00A0C9A8B90C}") = "OL微服务配置管理工具", "..\OL微服务配置管理工具\OL微服务配置管理工具.vdproj", "{59B21BF8-2A24-4EA7-83C5-7BD02DF15241}"
EndProject
Global
	GlobalSection(SolutionConfigurationPlatforms) = preSolution
		Debug|x64 = Debug|x64
		Debug|x86 = Debug|x86
		Release|x64 = Release|x64
		Release|x86 = Release|x86
	EndGlobalSection
	GlobalSection(ProjectConfigurationPlatforms) = postSolution
		{A6994CAA-3A3D-302F-8FF7-66FC034BEBCA}.Debug|x64.ActiveCfg = Debug|Win32
		{A6994CAA-3A3D-302F-8FF7-66FC034BEBCA}.Debug|x64.Build.0 = Debug|Win32
		{A6994CAA-3A3D-302F-8FF7-66FC034BEBCA}.Debug|x86.ActiveCfg = Debug|Win32
		{A6994CAA-3A3D-302F-8FF7-66FC034BEBCA}.Debug|x86.Build.0 = Debug|Win32
		{A6994CAA-3A3D-302F-8FF7-66FC034BEBCA}.Release|x64.ActiveCfg = Release|Win32
		{A6994CAA-3A3D-302F-8FF7-66FC034BEBCA}.Release|x64.Build.0 = Release|Win32
		{A6994CAA-3A3D-302F-8FF7-66FC034BEBCA}.Release|x86.ActiveCfg = Release|Win32
		{A6994CAA-3A3D-302F-8FF7-66FC034BEBCA}.Release|x86.Build.0 = Release|Win32
		{45C2BFC6-8556-4A86-899D-1B6D0EECD0F0}.Debug|x64.ActiveCfg = Debug|x64
		{45C2BFC6-8556-4A86-899D-1B6D0EECD0F0}.Debug|x64.Build.0 = Debug|x64
		{45C2BFC6-8556-4A86-899D-1B6D0EECD0F0}.Debug|x86.ActiveCfg = Debug|Win32
		{45C2BFC6-8556-4A86-899D-1B6D0EECD0F0}.Debug|x86.Build.0 = Debug|Win32
		{45C2BFC6-8556-4A86-899D-1B6D0EECD0F0}.Release|x64.ActiveCfg = Release|x64
		{45C2BFC6-8556-4A86-899D-1B6D0EECD0F0}.Release|x64.Build.0 = Release|x64
		{45C2BFC6-8556-4A86-899D-1B6D0EECD0F0}.Release|x86.ActiveCfg = Release|Win32
		{45C2BFC6-8556-4A86-899D-1B6D0EECD0F0}.Release|x86.Build.0 = Release|Win32
		{59B21BF8-2A24-4EA7-83C5-7BD02DF15241}.Debug|x64.ActiveCfg = Debug
		{59B21BF8-2A24-4EA7-83C5-7BD02DF15241}.Debug|x86.ActiveCfg = Debug
		{59B21BF8-2A24-4EA7-83C5-7BD02DF15241}.Release|x64.ActiveCfg = Release
		{59B21BF8-2A24-4EA7-83C5-7BD02DF15241}.Release|x86.ActiveCfg = Release
	EndGlobalSection
	GlobalSection(SolutionProperties) = preSolution
		HideSolutionNode = FALSE
	EndGlobalSection
	GlobalSection(ExtensibilityGlobals) = postSolution
		SolutionGuid = {42B5CABD-E918-408E-BD76-8B746AB5C433}
	EndGlobalSection
EndGlobal
