
Microsoft Visual Studio Solution File, Format Version 12.00
# Visual Studio Version 17
VisualStudioVersion = 17.6.33801.468
MinimumVisualStudioVersion = 10.0.40219.1
Project("{8BC9CEB8-8B4A-11D0-8D11-00A0C91BC942}") = "platform", "platform.vcxproj", "{45C2BFC6-8556-4A86-899D-1B6D0EECD0F0}"
EndProject
Project("{8BC9CEB8-8B4A-11D0-8D11-00A0C91BC942}") = "test_service_client", "..\test_service_client\test_service_client.vcxproj", "{0986D817-2CBE-41C2-8CB0-90DD34E04980}"
	ProjectSection(ProjectDependencies) = postProject
		{45C2BFC6-8556-4A86-899D-1B6D0EECD0F0} = {45C2BFC6-8556-4A86-899D-1B6D0EECD0F0}
	EndProjectSection
EndProject
Project("{8BC9CEB8-8B4A-11D0-8D11-00A0C91BC942}") = "test_pb_service", "..\test_pb_service\test_pb_service.vcxproj", "{D939B627-6963-4D62-A946-0F5679805DCA}"
	ProjectSection(ProjectDependencies) = postProject
		{45C2BFC6-8556-4A86-899D-1B6D0EECD0F0} = {45C2BFC6-8556-4A86-899D-1B6D0EECD0F0}
	EndProjectSection
EndProject
Project("{8BC9CEB8-8B4A-11D0-8D11-00A0C91BC942}") = "api_gateway", "..\api_gateway\api_gateway.vcxproj", "{AE92C637-8470-4382-8D2D-BD5E5965247E}"
	ProjectSection(ProjectDependencies) = postProject
		{45C2BFC6-8556-4A86-899D-1B6D0EECD0F0} = {45C2BFC6-8556-4A86-899D-1B6D0EECD0F0}
	EndProjectSection
EndProject
Global
	GlobalSection(SolutionConfigurationPlatforms) = preSolution
		Debug|x64 = Debug|x64
		Debug|x86 = Debug|x86
		Release|x64 = Release|x64
		Release|x86 = Release|x86
	EndGlobalSection
	GlobalSection(ProjectConfigurationPlatforms) = postSolution
		{45C2BFC6-8556-4A86-899D-1B6D0EECD0F0}.Debug|x64.ActiveCfg = Debug|x64
		{45C2BFC6-8556-4A86-899D-1B6D0EECD0F0}.Debug|x64.Build.0 = Debug|x64
		{45C2BFC6-8556-4A86-899D-1B6D0EECD0F0}.Debug|x86.ActiveCfg = Debug|Win32
		{45C2BFC6-8556-4A86-899D-1B6D0EECD0F0}.Debug|x86.Build.0 = Debug|Win32
		{45C2BFC6-8556-4A86-899D-1B6D0EECD0F0}.Release|x64.ActiveCfg = Release|x64
		{45C2BFC6-8556-4A86-899D-1B6D0EECD0F0}.Release|x64.Build.0 = Release|x64
		{45C2BFC6-8556-4A86-899D-1B6D0EECD0F0}.Release|x86.ActiveCfg = Release|Win32
		{45C2BFC6-8556-4A86-899D-1B6D0EECD0F0}.Release|x86.Build.0 = Release|Win32
		{0986D817-2CBE-41C2-8CB0-90DD34E04980}.Debug|x64.ActiveCfg = Debug|x64
		{0986D817-2CBE-41C2-8CB0-90DD34E04980}.Debug|x64.Build.0 = Debug|x64
		{0986D817-2CBE-41C2-8CB0-90DD34E04980}.Debug|x86.ActiveCfg = Debug|Win32
		{0986D817-2CBE-41C2-8CB0-90DD34E04980}.Debug|x86.Build.0 = Debug|Win32
		{0986D817-2CBE-41C2-8CB0-90DD34E04980}.Release|x64.ActiveCfg = Release|x64
		{0986D817-2CBE-41C2-8CB0-90DD34E04980}.Release|x64.Build.0 = Release|x64
		{0986D817-2CBE-41C2-8CB0-90DD34E04980}.Release|x86.ActiveCfg = Release|Win32
		{0986D817-2CBE-41C2-8CB0-90DD34E04980}.Release|x86.Build.0 = Release|Win32
		{D939B627-6963-4D62-A946-0F5679805DCA}.Debug|x64.ActiveCfg = Debug|x64
		{D939B627-6963-4D62-A946-0F5679805DCA}.Debug|x64.Build.0 = Debug|x64
		{D939B627-6963-4D62-A946-0F5679805DCA}.Debug|x86.ActiveCfg = Debug|Win32
		{D939B627-6963-4D62-A946-0F5679805DCA}.Debug|x86.Build.0 = Debug|Win32
		{D939B627-6963-4D62-A946-0F5679805DCA}.Release|x64.ActiveCfg = Release|x64
		{D939B627-6963-4D62-A946-0F5679805DCA}.Release|x64.Build.0 = Release|x64
		{D939B627-6963-4D62-A946-0F5679805DCA}.Release|x86.ActiveCfg = Release|Win32
		{D939B627-6963-4D62-A946-0F5679805DCA}.Release|x86.Build.0 = Release|Win32
		{AE92C637-8470-4382-8D2D-BD5E5965247E}.Debug|x64.ActiveCfg = Debug|x64
		{AE92C637-8470-4382-8D2D-BD5E5965247E}.Debug|x64.Build.0 = Debug|x64
		{AE92C637-8470-4382-8D2D-BD5E5965247E}.Debug|x86.ActiveCfg = Debug|Win32
		{AE92C637-8470-4382-8D2D-BD5E5965247E}.Debug|x86.Build.0 = Debug|Win32
		{AE92C637-8470-4382-8D2D-BD5E5965247E}.Release|x64.ActiveCfg = Release|x64
		{AE92C637-8470-4382-8D2D-BD5E5965247E}.Release|x64.Build.0 = Release|x64
		{AE92C637-8470-4382-8D2D-BD5E5965247E}.Release|x86.ActiveCfg = Release|Win32
		{AE92C637-8470-4382-8D2D-BD5E5965247E}.Release|x86.Build.0 = Release|Win32
	EndGlobalSection
	GlobalSection(SolutionProperties) = preSolution
		HideSolutionNode = FALSE
	EndGlobalSection
	GlobalSection(ExtensibilityGlobals) = postSolution
		SolutionGuid = {3252D791-6671-48D4-8C16-41F40043F0DA}
	EndGlobalSection
EndGlobal
